
Microsoft Visual Studio Solution File, Format Version 12.00
# Visual Studio Version 17
VisualStudioVersion = 17.5.002.0
MinimumVisualStudioVersion = 10.0.40219.1
Project("{9A19103F-16F7-4668-BE54-9A1E7A4F7556}") = "decisaoIf_C#", "decisaoIf_C#.csproj", "{984C7CED-2CAA-494D-964F-5A6F84B295C7}"
EndProject
Global
	GlobalSection(SolutionConfigurationPlatforms) = preSolution
		Debug|Any CPU = Debug|Any CPU
		Release|Any CPU = Release|Any CPU
	EndGlobalSection
	GlobalSection(ProjectConfigurationPlatforms) = postSolution
		{984C7CED-2CAA-494D-964F-5A6F84B295C7}.Debug|Any CPU.ActiveCfg = Debug|Any CPU
		{984C7CED-2CAA-494D-964F-5A6F84B295C7}.Debug|Any CPU.Build.0 = Debug|Any CPU
		{984C7CED-2CAA-494D-964F-5A6F84B295C7}.Release|Any CPU.ActiveCfg = Release|Any CPU
		{984C7CED-2CAA-494D-964F-5A6F84B295C7}.Release|Any CPU.Build.0 = Release|Any CPU
	EndGlobalSection
	GlobalSection(SolutionProperties) = preSolution
		HideSolutionNode = FALSE
	EndGlobalSection
	GlobalSection(ExtensibilityGlobals) = postSolution
		SolutionGuid = {A7FEB9EE-621A-4A63-A67B-537D2C5BBFE3}
	EndGlobalSection
EndGlobal
